
Microsoft Visual Studio Solution File, Format Version 12.00
# Visual Studio Version 16
VisualStudioVersion = 16.0.28922.388
MinimumVisualStudioVersion = 10.0.40219.1
Project("{FAE04EC0-301F-11D3-BF4B-00C04F79EFBC}") = "blEscalada", "blEscalada\blEscalada.csproj", "{E0997A19-2265-421A-BB8E-3C6CB068BCB9}"
EndProject
Global
	GlobalSection(SolutionConfigurationPlatforms) = preSolution
		Debug|Any CPU = Debug|Any CPU
		Release|Any CPU = Release|Any CPU
	EndGlobalSection
	GlobalSection(ProjectConfigurationPlatforms) = postSolution
		{E0997A19-2265-421A-BB8E-3C6CB068BCB9}.Debug|Any CPU.ActiveCfg = Debug|Any CPU
		{E0997A19-2265-421A-BB8E-3C6CB068BCB9}.Debug|Any CPU.Build.0 = Debug|Any CPU
		{E0997A19-2265-421A-BB8E-3C6CB068BCB9}.Release|Any CPU.ActiveCfg = Release|Any CPU
		{E0997A19-2265-421A-BB8E-3C6CB068BCB9}.Release|Any CPU.Build.0 = Release|Any CPU
	EndGlobalSection
	GlobalSection(SolutionProperties) = preSolution
		HideSolutionNode = FALSE
	EndGlobalSection
	GlobalSection(ExtensibilityGlobals) = postSolution
		SolutionGuid = {EBB4A2B9-EE2D-46C9-AE7E-4F86339A2C1B}
	EndGlobalSection
EndGlobal
